
Microsoft Visual Studio Solution File, Format Version 12.00
# Visual Studio 15
Project("{FAE04EC0-301F-11D3-BF4B-00C04F79EFBC}") = "StartGame", "StartGame.csproj", "{A9CA2A86-3742-90EA-763D-DB05206FC862}"
EndProject
Global
	GlobalSection(SolutionConfigurationPlatforms) = preSolution
		Debug|Any CPU = Debug|Any CPU
		Release|Any CPU = Release|Any CPU
	EndGlobalSection
	GlobalSection(ProjectConfigurationPlatforms) = postSolution
		{A9CA2A86-3742-90EA-763D-DB05206FC862}.Debug|Any CPU.ActiveCfg = Debug|Any CPU
		{A9CA2A86-3742-90EA-763D-DB05206FC862}.Debug|Any CPU.Build.0 = Debug|Any CPU
		{A9CA2A86-3742-90EA-763D-DB05206FC862}.Release|Any CPU.ActiveCfg = Release|Any CPU
		{A9CA2A86-3742-90EA-763D-DB05206FC862}.Release|Any CPU.Build.0 = Release|Any CPU
	EndGlobalSection
	GlobalSection(SolutionProperties) = preSolution
		HideSolutionNode = FALSE
	EndGlobalSection
EndGlobal
